
Microsoft Visual Studio Solution File, Format Version 12.00
# Visual Studio Version 17
VisualStudioVersion = 17.14.36623.8 d17.14
MinimumVisualStudioVersion = 10.0.40219.1
Project("{FAE04EC0-301F-11D3-BF4B-00C04F79EFBC}") = "FlowControlApp", "FlowControlApp.csproj", "{CBBACDFC-94FB-479B-9E8F-C9B10D9E8309}"
EndProject
Global
	GlobalSection(SolutionConfigurationPlatforms) = preSolution
		Debug|Any CPU = Debug|Any CPU
		Release|Any CPU = Release|Any CPU
	EndGlobalSection
	GlobalSection(ProjectConfigurationPlatforms) = postSolution
		{CBBACDFC-94FB-479B-9E8F-C9B10D9E8309}.Debug|Any CPU.ActiveCfg = Debug|Any CPU
		{CBBACDFC-94FB-479B-9E8F-C9B10D9E8309}.Debug|Any CPU.Build.0 = Debug|Any CPU
		{CBBACDFC-94FB-479B-9E8F-C9B10D9E8309}.Release|Any CPU.ActiveCfg = Release|Any CPU
		{CBBACDFC-94FB-479B-9E8F-C9B10D9E8309}.Release|Any CPU.Build.0 = Release|Any CPU
	EndGlobalSection
	GlobalSection(SolutionProperties) = preSolution
		HideSolutionNode = FALSE
	EndGlobalSection
	GlobalSection(ExtensibilityGlobals) = postSolution
		SolutionGuid = {7A4277FE-765B-49EB-A129-7E184A3442B3}
	EndGlobalSection
EndGlobal
